{
  "name": "my_react",
  "version": "1.0.0",
  "lockfileVersion": 1,
  "requires": true,
  "dependencies": {
    "js-tokens": {
      "version": "4.0.0",
      "resolved": "http://registry.npmjs.lianjia.com:7001/js-tokens/download/js-tokens-4.0.0.tgz",
      "integrity": "sha1-GSA/tZmR35jjoocFDUZHzerzJJk="
    },
    "loose-envify": {
      "version": "1.4.0",
      "resolved": "http://registry.npmjs.lianjia.com:7001/loose-envify/download/loose-envify-1.4.0.tgz",
      "integrity": "sha1-ce5R+nvkyuwaY4OffmgtgTLTDK8=",
      "requires": {
        "js-tokens": "4.0.0"
      }
    },
    "object-assign": {
      "version": "4.1.1",
      "resolved": "http://registry.npmjs.lianjia.com:7001/object-assign/download/object-assign-4.1.1.tgz",
      "integrity": "sha1-IQmtx5ZYh8/AXLvUQsrIv7s2CGM="
    },
    "prop-types": {
      "version": "15.7.2",
      "resolved": "http://registry.npmjs.lianjia.com:7001/prop-types/download/prop-types-15.7.2.tgz",
      "integrity": "sha1-UsQedbjIfnK52TYOAga5ncv/psU=",
      "requires": {
        "loose-envify": "1.4.0",
        "object-assign": "4.1.1",
        "react-is": "16.8.3"
      }
    },
    "react": {
      "version": "16.8.3",
      "resolved": "http://registry.npmjs.lianjia.com:7001/react/download/react-16.8.3.tgz",
      "integrity": "sha1-xvmIos6JU3XeIW7c+u3WuadkUdk=",
      "requires": {
        "loose-envify": "1.4.0",
        "object-assign": "4.1.1",
        "prop-types": "15.7.2",
        "scheduler": "0.13.3"
      }
    },
    "react-dom": {
      "version": "16.8.3",
      "resolved": "http://registry.npmjs.lianjia.com:7001/react-dom/download/react-dom-16.8.3.tgz",
      "integrity": "sha1-riNgKeZiEHg6yBmZ0wFd/EdbnDI=",
      "requires": {
        "loose-envify": "1.4.0",
        "object-assign": "4.1.1",
        "prop-types": "15.7.2",
        "scheduler": "0.13.3"
      }
    },
    "react-is": {
      "version": "16.8.3",
      "resolved": "http://registry.npmjs.lianjia.com:7001/react-is/download/react-is-16.8.3.tgz",
      "integrity": "sha1-StiwKcKnGPwM/HRsjU4bciHlOH0="
    },
    "scheduler": {
      "version": "0.13.3",
      "resolved": "http://registry.npmjs.lianjia.com:7001/scheduler/download/scheduler-0.13.3.tgz",
      "integrity": "sha1-vtPFhQ9i6pxxak14H52uubKliJY=",
      "requires": {
        "loose-envify": "1.4.0",
        "object-assign": "4.1.1"
      }
    }
  }
}
